<?xml version="1.0" encoding="UTF-8"?>
<CodeBlocks_project_file>
	<FileVersion major="1" minor="6"/>
	<Project>
		<Option title="dist_preprocess_small"/>
		<Option makefile_is_custom="1"/>
		<Option compiler="clang"/>
		<Option virtualFolders="CMake Files\;"/>
		<Build>
			<Target title="all">
				<Option working_dir="/Users/maksadbek/Documents/coursera-algorithms/graphs/week6/assignment/dist_preprocess_small"/>
				<Option type="4"/>
				<MakeCommands>
					<Build command="/usr/bin/make -f &quot;/Users/maksadbek/Documents/coursera-algorithms/graphs/week6/assignment/dist_preprocess_small/Makefile&quot;  VERBOSE=1 all"/>
					<CompileFile command="/usr/bin/make -f &quot;/Users/maksadbek/Documents/coursera-algorithms/graphs/week6/assignment/dist_preprocess_small/Makefile&quot;  VERBOSE=1 &quot;$file&quot;"/>
					<Clean command="/usr/bin/make -f &quot;/Users/maksadbek/Documents/coursera-algorithms/graphs/week6/assignment/dist_preprocess_small/Makefile&quot;  VERBOSE=1 clean"/>
					<DistClean command="/usr/bin/make -f &quot;/Users/maksadbek/Documents/coursera-algorithms/graphs/week6/assignment/dist_preprocess_small/Makefile&quot;  VERBOSE=1 clean"/>
				</MakeCommands>
			</Target>
			<Target title="rebuild_cache">
				<Option working_dir="/Users/maksadbek/Documents/coursera-algorithms/graphs/week6/assignment/dist_preprocess_small"/>
				<Option type="4"/>
				<MakeCommands>
					<Build command="/usr/bin/make -f &quot;/Users/maksadbek/Documents/coursera-algorithms/graphs/week6/assignment/dist_preprocess_small/Makefile&quot;  VERBOSE=1 rebuild_cache"/>
					<CompileFile command="/usr/bin/make -f &quot;/Users/maksadbek/Documents/coursera-algorithms/graphs/week6/assignment/dist_preprocess_small/Makefile&quot;  VERBOSE=1 &quot;$file&quot;"/>
					<Clean command="/usr/bin/make -f &quot;/Users/maksadbek/Documents/coursera-algorithms/graphs/week6/assignment/dist_preprocess_small/Makefile&quot;  VERBOSE=1 clean"/>
					<DistClean command="/usr/bin/make -f &quot;/Users/maksadbek/Documents/coursera-algorithms/graphs/week6/assignment/dist_preprocess_small/Makefile&quot;  VERBOSE=1 clean"/>
				</MakeCommands>
			</Target>
			<Target title="edit_cache">
				<Option working_dir="/Users/maksadbek/Documents/coursera-algorithms/graphs/week6/assignment/dist_preprocess_small"/>
				<Option type="4"/>
				<MakeCommands>
					<Build command="/usr/bin/make -f &quot;/Users/maksadbek/Documents/coursera-algorithms/graphs/week6/assignment/dist_preprocess_small/Makefile&quot;  VERBOSE=1 edit_cache"/>
					<CompileFile command="/usr/bin/make -f &quot;/Users/maksadbek/Documents/coursera-algorithms/graphs/week6/assignment/dist_preprocess_small/Makefile&quot;  VERBOSE=1 &quot;$file&quot;"/>
					<Clean command="/usr/bin/make -f &quot;/Users/maksadbek/Documents/coursera-algorithms/graphs/week6/assignment/dist_preprocess_small/Makefile&quot;  VERBOSE=1 clean"/>
					<DistClean command="/usr/bin/make -f &quot;/Users/maksadbek/Documents/coursera-algorithms/graphs/week6/assignment/dist_preprocess_small/Makefile&quot;  VERBOSE=1 clean"/>
				</MakeCommands>
			</Target>
			<Target title="dist_preprocess_small">
				<Option output="/Users/maksadbek/Documents/coursera-algorithms/graphs/week6/assignment/dist_preprocess_small/dist_preprocess_small" prefix_auto="0" extension_auto="0"/>
				<Option working_dir="/Users/maksadbek/Documents/coursera-algorithms/graphs/week6/assignment/dist_preprocess_small"/>
				<Option object_output="./"/>
				<Option type="1"/>
				<Option compiler="clang"/>
				<Compiler/>
				<MakeCommands>
					<Build command="/usr/bin/make -f &quot;/Users/maksadbek/Documents/coursera-algorithms/graphs/week6/assignment/dist_preprocess_small/Makefile&quot;  VERBOSE=1 dist_preprocess_small"/>
					<CompileFile command="/usr/bin/make -f &quot;/Users/maksadbek/Documents/coursera-algorithms/graphs/week6/assignment/dist_preprocess_small/Makefile&quot;  VERBOSE=1 &quot;$file&quot;"/>
					<Clean command="/usr/bin/make -f &quot;/Users/maksadbek/Documents/coursera-algorithms/graphs/week6/assignment/dist_preprocess_small/Makefile&quot;  VERBOSE=1 clean"/>
					<DistClean command="/usr/bin/make -f &quot;/Users/maksadbek/Documents/coursera-algorithms/graphs/week6/assignment/dist_preprocess_small/Makefile&quot;  VERBOSE=1 clean"/>
				</MakeCommands>
			</Target>
			<Target title="dist_preprocess_small/fast">
				<Option output="/Users/maksadbek/Documents/coursera-algorithms/graphs/week6/assignment/dist_preprocess_small/dist_preprocess_small" prefix_auto="0" extension_auto="0"/>
				<Option working_dir="/Users/maksadbek/Documents/coursera-algorithms/graphs/week6/assignment/dist_preprocess_small"/>
				<Option object_output="./"/>
				<Option type="1"/>
				<Option compiler="clang"/>
				<Compiler/>
				<MakeCommands>
					<Build command="/usr/bin/make -f &quot;/Users/maksadbek/Documents/coursera-algorithms/graphs/week6/assignment/dist_preprocess_small/Makefile&quot;  VERBOSE=1 dist_preprocess_small/fast"/>
					<CompileFile command="/usr/bin/make -f &quot;/Users/maksadbek/Documents/coursera-algorithms/graphs/week6/assignment/dist_preprocess_small/Makefile&quot;  VERBOSE=1 &quot;$file&quot;"/>
					<Clean command="/usr/bin/make -f &quot;/Users/maksadbek/Documents/coursera-algorithms/graphs/week6/assignment/dist_preprocess_small/Makefile&quot;  VERBOSE=1 clean"/>
					<DistClean command="/usr/bin/make -f &quot;/Users/maksadbek/Documents/coursera-algorithms/graphs/week6/assignment/dist_preprocess_small/Makefile&quot;  VERBOSE=1 clean"/>
				</MakeCommands>
			</Target>
		</Build>
		<Unit filename="/Users/maksadbek/Documents/coursera-algorithms/graphs/week6/assignment/dist_preprocess_small/dist_preprocess_small.cpp">
			<Option target="dist_preprocess_small"/>
		</Unit>
		<Unit filename="/Users/maksadbek/Documents/coursera-algorithms/graphs/week6/assignment/dist_preprocess_small/CMakeLists.txt">
			<Option virtualFolder="CMake Files\"/>
		</Unit>
	</Project>
</CodeBlocks_project_file>
